
Microsoft Visual Studio Solution File, Format Version 12.00
# Visual Studio 15
VisualStudioVersion = 15.0.26430.12
MinimumVisualStudioVersion = 10.0.40219.1
Project("{FAE04EC0-301F-11D3-BF4B-00C04F79EFBC}") = "NLog.MsftTeams", "NLog.MsftTeams\NLog.MsftTeams.csproj", "{9CDA9A30-0599-4A4B-B227-EA4A69CCBDA5}"
EndProject
Project("{FAE04EC0-301F-11D3-BF4B-00C04F79EFBC}") = "NLog.MsftTeams.Tests", "NLog.MsftTeams.Tests\NLog.MsftTeams.Tests.csproj", "{B27BA3C6-CF85-4C54-A52E-7C33611AAE5C}"
EndProject
Global
	GlobalSection(SolutionConfigurationPlatforms) = preSolution
		Debug|Any CPU = Debug|Any CPU
		Release|Any CPU = Release|Any CPU
	EndGlobalSection
	GlobalSection(ProjectConfigurationPlatforms) = postSolution
		{9CDA9A30-0599-4A4B-B227-EA4A69CCBDA5}.Debug|Any CPU.ActiveCfg = Debug|Any CPU
		{9CDA9A30-0599-4A4B-B227-EA4A69CCBDA5}.Debug|Any CPU.Build.0 = Debug|Any CPU
		{9CDA9A30-0599-4A4B-B227-EA4A69CCBDA5}.Release|Any CPU.ActiveCfg = Release|Any CPU
		{9CDA9A30-0599-4A4B-B227-EA4A69CCBDA5}.Release|Any CPU.Build.0 = Release|Any CPU
		{B27BA3C6-CF85-4C54-A52E-7C33611AAE5C}.Debug|Any CPU.ActiveCfg = Debug|Any CPU
		{B27BA3C6-CF85-4C54-A52E-7C33611AAE5C}.Debug|Any CPU.Build.0 = Debug|Any CPU
		{B27BA3C6-CF85-4C54-A52E-7C33611AAE5C}.Release|Any CPU.ActiveCfg = Release|Any CPU
		{B27BA3C6-CF85-4C54-A52E-7C33611AAE5C}.Release|Any CPU.Build.0 = Release|Any CPU
	EndGlobalSection
	GlobalSection(SolutionProperties) = preSolution
		HideSolutionNode = FALSE
	EndGlobalSection
EndGlobal
